
Microsoft Visual Studio Solution File, Format Version 12.00
# Visual Studio Version 17
VisualStudioVersion = 17.14.36203.30 d17.14
MinimumVisualStudioVersion = 10.0.40219.1
Project("{FAE04EC0-301F-11D3-BF4B-00C04F79EFBC}") = "HojaDeVida", "HojaDeVida\HojaDeVida.csproj", "{DE672473-A4FA-4FA0-A82E-2F8605D60449}"
EndProject
Global
	GlobalSection(SolutionConfigurationPlatforms) = preSolution
		Debug|Any CPU = Debug|Any CPU
		Release|Any CPU = Release|Any CPU
	EndGlobalSection
	GlobalSection(ProjectConfigurationPlatforms) = postSolution
		{DE672473-A4FA-4FA0-A82E-2F8605D60449}.Debug|Any CPU.ActiveCfg = Debug|Any CPU
		{DE672473-A4FA-4FA0-A82E-2F8605D60449}.Debug|Any CPU.Build.0 = Debug|Any CPU
		{DE672473-A4FA-4FA0-A82E-2F8605D60449}.Release|Any CPU.ActiveCfg = Release|Any CPU
		{DE672473-A4FA-4FA0-A82E-2F8605D60449}.Release|Any CPU.Build.0 = Release|Any CPU
	EndGlobalSection
	GlobalSection(SolutionProperties) = preSolution
		HideSolutionNode = FALSE
	EndGlobalSection
	GlobalSection(ExtensibilityGlobals) = postSolution
		SolutionGuid = {6219AF16-10FA-4627-AEF6-EADA2D53E6B1}
	EndGlobalSection
EndGlobal
